
Microsoft Visual Studio Solution File, Format Version 12.00
# Visual Studio Version 17
VisualStudioVersion = 17.2.32616.157
MinimumVisualStudioVersion = 10.0.40219.1
Project("{FAE04EC0-301F-11D3-BF4B-00C04F79EFBC}") = "ConsoleBenchmarkDotNet", "ConsoleBenchmarkDotNet\ConsoleBenchmarkDotNet.csproj", "{801EF89D-80D7-456C-A9FA-FF5743D6E3D4}"
EndProject
Global
	GlobalSection(SolutionConfigurationPlatforms) = preSolution
		Debug|Any CPU = Debug|Any CPU
		Release|Any CPU = Release|Any CPU
	EndGlobalSection
	GlobalSection(ProjectConfigurationPlatforms) = postSolution
		{801EF89D-80D7-456C-A9FA-FF5743D6E3D4}.Debug|Any CPU.ActiveCfg = Debug|Any CPU
		{801EF89D-80D7-456C-A9FA-FF5743D6E3D4}.Debug|Any CPU.Build.0 = Debug|Any CPU
		{801EF89D-80D7-456C-A9FA-FF5743D6E3D4}.Release|Any CPU.ActiveCfg = Release|Any CPU
		{801EF89D-80D7-456C-A9FA-FF5743D6E3D4}.Release|Any CPU.Build.0 = Release|Any CPU
	EndGlobalSection
	GlobalSection(SolutionProperties) = preSolution
		HideSolutionNode = FALSE
	EndGlobalSection
	GlobalSection(ExtensibilityGlobals) = postSolution
		SolutionGuid = {BD7F8293-6E2C-4265-80F0-6917247F02F6}
	EndGlobalSection
EndGlobal
